<?xml version="1.0" encoding="utf-8"?>
<Project ToolsVersion="4.0" xmlns="http://schemas.microsoft.com/developer/msbuild/2003">
  <ItemGroup>
    <Filter Include="Arquivos de Origem">
      <UniqueIdentifier>{4FC737F1-C7A5-4376-A066-2A32D752A2FF}</UniqueIdentifier>
      <Extensions>cpp;c;cc;cxx;c++;cppm;ixx;def;odl;idl;hpj;bat;asm;asmx</Extensions>
    </Filter>
    <Filter Include="Arquivos de Cabeçalho">
      <UniqueIdentifier>{93995380-89BD-4b04-88EB-625FBE52EBFB}</UniqueIdentifier>
      <Extensions>h;hh;hpp;hxx;h++;hm;inl;inc;ipp;xsd</Extensions>
    </Filter>
    <Filter Include="Arquivos de Recurso">
      <UniqueIdentifier>{67DA6AB6-F800-4c08-8B7A-83BB121AAD01}</UniqueIdentifier>
      <Extensions>rc;ico;cur;bmp;dlg;rc2;rct;bin;rgs;gif;jpg;jpeg;jpe;resx;tiff;tif;png;wav;mfcribbon-ms</Extensions>
    </Filter>
  </ItemGroup>
  <ItemGroup>
    <None Include="GameLauncher\Models\Game.cs" />
    <None Include="GameLauncher.sln" />
    <None Include="GameLauncher\ViewModels\MainViewModel.cs" />
    <None Include="GameLauncher\Services\GameScanner.cs" />
    <None Include="GameLauncher\GameLauncher.csproj" />
    <None Include="GameLauncher\App.xaml.cs" />
    <None Include="GameLauncher\MainWindow.xaml.cs" />
    <None Include="GameLauncher\Services\IconExtractor.cs" />
    <None Include="GameLauncher\Converters\PathToImageSourceConverter.cs" />
    <None Include="GameLauncher\GenerateIcon.ps1" />
    <None Include="GameLauncher\Views\RenameDialog.xaml.cs" />
    <None Include="GameLauncher\PatchXaml.ps1" />
    <None Include="GameLauncher\PatchLastPlayed.ps1" />
    <None Include="GameLauncher\PatchFixLastPlayed.ps1" />
    <None Include="GameLauncher\Models\AppSettings.cs" />
    <None Include="GameLauncher\Services\SettingsService.cs" />
    <None Include="GameLauncher\Services\SteamGridDbService.cs" />
    <None Include="GameLauncher\Views\ApiKeyDialog.xaml.cs" />
    <None Include="GameLauncher\Views\CoverSearchDialog.xaml.cs" />
    <None Include="GameLauncher\Views\ThemeDialog.xaml.cs" />
    <None Include="GameLauncher\PatchThemeAndSearch.ps1" />
    <None Include="GameLauncher\PatchWindowBg.ps1" />
    <None Include="GameLauncher\PatchFixHeader.ps1" />
  </ItemGroup>
  <ItemGroup>
    <Page Include="GameLauncher\App.xaml" />
    <Page Include="GameLauncher\MainWindow.xaml" />
    <Page Include="GameLauncher\Views\RenameDialog.xaml" />
    <Page Include="GameLauncher\Views\ApiKeyDialog.xaml" />
    <Page Include="GameLauncher\Views\CoverSearchDialog.xaml" />
    <Page Include="GameLauncher\Views\ThemeDialog.xaml" />
  </ItemGroup>
</Project>